// !$*UTF8*$!
{
	archiveVersion = 1;
	classes = {
	};
	objectVersion = 51;
	objects = {

/* Begin PBXBuildFile section */
		47C9029B2419DE81001645FC /* AppDelegate.swift in Sources */ = {isa = PBXBuildFile; fileRef = 47C9029A2419DE81001645FC /* AppDelegate.swift */; };
		47C9029D2419DE81001645FC /* SceneDelegate.swift in Sources */ = {isa = PBXBuildFile; fileRef = 47C9029C2419DE81001645FC /* SceneDelegate.swift */; };
		47C9029F2419DE81001645FC /* ViewController.swift in Sources */ = {isa = PBXBuildFile; fileRef = 47C9029E2419DE81001645FC /* ViewController.swift */; };
		47C902A22419DE81001645FC /* Main.storyboard in Resources */ = {isa = PBXBuildFile; fileRef = 47C902A02419DE81001645FC /* Main.storyboard */; };
		47C902A42419DE83001645FC /* Assets.xcassets in Resources */ = {isa = PBXBuildFile; fileRef = 47C902A32419DE83001645FC /* Assets.xcassets */; };
		47C902A72419DE83001645FC /* LaunchScreen.storyboard in Resources */ = {isa = PBXBuildFile; fileRef = 47C902A52419DE83001645FC /* LaunchScreen.storyboard */; };
		47C902B22419DE83001645FC /* IMCTests.swift in Sources */ = {isa = PBXBuildFile; fileRef = 47C902B12419DE83001645FC /* IMCTests.swift */; };
		47C902BD2419DE83001645FC /* IMCUITests.swift in Sources */ = {isa = PBXBuildFile; fileRef = 47C902BC2419DE83001645FC /* IMCUITests.swift */; };
		47C902CE2419FD32001645FC /* ViewModel.swift in Sources */ = {isa = PBXBuildFile; fileRef = 47C902CD2419FD32001645FC /* ViewModel.swift */; };
		47C902D22419FD85001645FC /* Model.swift in Sources */ = {isa = PBXBuildFile; fileRef = 47C902D12419FD85001645FC /* Model.swift */; };
		47C902D5241A019B001645FC /* GithubAPI.swift in Sources */ = {isa = PBXBuildFile; fileRef = 47C902D4241A019B001645FC /* GithubAPI.swift */; };
		47C902D8241A0312001645FC /* IMCConstants.swift in Sources */ = {isa = PBXBuildFile; fileRef = 47C902D7241A0312001645FC /* IMCConstants.swift */; };
		A3AC3ADDEEF750E6DC1BC02C /* Pods_IMC.framework in Frameworks */ = {isa = PBXBuildFile; fileRef = 2A736F4FA387A80147B19A1C /* Pods_IMC.framework */; };
/* End PBXBuildFile section */

/* Begin PBXContainerItemProxy section */
		47C902AE2419DE83001645FC /* PBXContainerItemProxy */ = {
			isa = PBXContainerItemProxy;
			containerPortal = 47C9028F2419DE81001645FC /* Project object */;
			proxyType = 1;
			remoteGlobalIDString = 47C902962419DE81001645FC;
			remoteInfo = IMC;
		};
		47C902B92419DE83001645FC /* PBXContainerItemProxy */ = {
			isa = PBXContainerItemProxy;
			containerPortal = 47C9028F2419DE81001645FC /* Project object */;
			proxyType = 1;
			remoteGlobalIDString = 47C902962419DE81001645FC;
			remoteInfo = IMC;
		};
/* End PBXContainerItemProxy section */

/* Begin PBXFileReference section */
		2A736F4FA387A80147B19A1C /* Pods_IMC.framework */ = {isa = PBXFileReference; explicitFileType = wrapper.framework; includeInIndex = 0; path = Pods_IMC.framework; sourceTree = BUILT_PRODUCTS_DIR; };
		47C902972419DE81001645FC /* IMC.app */ = {isa = PBXFileReference; explicitFileType = wrapper.application; includeInIndex = 0; path = IMC.app; sourceTree = BUILT_PRODUCTS_DIR; };
		47C9029A2419DE81001645FC /* AppDelegate.swift */ = {isa = PBXFileReference; lastKnownFileType = sourcecode.swift; path = AppDelegate.swift; sourceTree = "<group>"; };
		47C9029C2419DE81001645FC /* SceneDelegate.swift */ = {isa = PBXFileReference; lastKnownFileType = sourcecode.swift; path = SceneDelegate.swift; sourceTree = "<group>"; };
		47C9029E2419DE81001645FC /* ViewController.swift */ = {isa = PBXFileReference; lastKnownFileType = sourcecode.swift; path = ViewController.swift; sourceTree = "<group>"; };
		47C902A12419DE81001645FC /* Base */ = {isa = PBXFileReference; lastKnownFileType = file.storyboard; name = Base; path = Base.lproj/Main.storyboard; sourceTree = "<group>"; };
		47C902A32419DE83001645FC /* Assets.xcassets */ = {isa = PBXFileReference; lastKnownFileType = folder.assetcatalog; path = Assets.xcassets; sourceTree = "<group>"; };
		47C902A62419DE83001645FC /* Base */ = {isa = PBXFileReference; lastKnownFileType = file.storyboard; name = Base; path = Base.lproj/LaunchScreen.storyboard; sourceTree = "<group>"; };
		47C902A82419DE83001645FC /* Info.plist */ = {isa = PBXFileReference; lastKnownFileType = text.plist.xml; name = Info.plist; path = ../Info.plist; sourceTree = "<group>"; };
		47C902AD2419DE83001645FC /* IMCTests.xctest */ = {isa = PBXFileReference; explicitFileType = wrapper.cfbundle; includeInIndex = 0; path = IMCTests.xctest; sourceTree = BUILT_PRODUCTS_DIR; };
		47C902B12419DE83001645FC /* IMCTests.swift */ = {isa = PBXFileReference; lastKnownFileType = sourcecode.swift; path = IMCTests.swift; sourceTree = "<group>"; };
		47C902B32419DE83001645FC /* Info.plist */ = {isa = PBXFileReference; lastKnownFileType = text.plist.xml; path = Info.plist; sourceTree = "<group>"; };
		47C902B82419DE83001645FC /* IMCUITests.xctest */ = {isa = PBXFileReference; explicitFileType = wrapper.cfbundle; includeInIndex = 0; path = IMCUITests.xctest; sourceTree = BUILT_PRODUCTS_DIR; };
		47C902BC2419DE83001645FC /* IMCUITests.swift */ = {isa = PBXFileReference; lastKnownFileType = sourcecode.swift; path = IMCUITests.swift; sourceTree = "<group>"; };
		47C902BE2419DE83001645FC /* Info.plist */ = {isa = PBXFileReference; lastKnownFileType = text.plist.xml; path = Info.plist; sourceTree = "<group>"; };
		47C902CD2419FD32001645FC /* ViewModel.swift */ = {isa = PBXFileReference; lastKnownFileType = sourcecode.swift; path = ViewModel.swift; sourceTree = "<group>"; };
		47C902D12419FD85001645FC /* Model.swift */ = {isa = PBXFileReference; lastKnownFileType = sourcecode.swift; path = Model.swift; sourceTree = "<group>"; };
		47C902D4241A019B001645FC /* GithubAPI.swift */ = {isa = PBXFileReference; lastKnownFileType = sourcecode.swift; path = GithubAPI.swift; sourceTree = "<group>"; };
		47C902D7241A0312001645FC /* IMCConstants.swift */ = {isa = PBXFileReference; lastKnownFileType = sourcecode.swift; path = IMCConstants.swift; sourceTree = "<group>"; };
		608736F8E0F26E66B4D8F348 /* Pods-IMC.debug.xcconfig */ = {isa = PBXFileReference; includeInIndex = 1; lastKnownFileType = text.xcconfig; name = "Pods-IMC.debug.xcconfig"; path = "Target Support Files/Pods-IMC/Pods-IMC.debug.xcconfig"; sourceTree = "<group>"; };
		BC17ADDEEAA38D9814BAFADF /* Pods-IMC.release.xcconfig */ = {isa = PBXFileReference; includeInIndex = 1; lastKnownFileType = text.xcconfig; name = "Pods-IMC.release.xcconfig"; path = "Target Support Files/Pods-IMC/Pods-IMC.release.xcconfig"; sourceTree = "<group>"; };
/* End PBXFileReference section */

/* Begin PBXFrameworksBuildPhase section */
		47C902942419DE81001645FC /* Frameworks */ = {
			isa = PBXFrameworksBuildPhase;
			buildActionMask = 2147483647;
			files = (
				A3AC3ADDEEF750E6DC1BC02C /* Pods_IMC.framework in Frameworks */,
			);
			runOnlyForDeploymentPostprocessing = 0;
		};
		47C902AA2419DE83001645FC /* Frameworks */ = {
			isa = PBXFrameworksBuildPhase;
			buildActionMask = 2147483647;
			files = (
			);
			runOnlyForDeploymentPostprocessing = 0;
		};
		47C902B52419DE83001645FC /* Frameworks */ = {
			isa = PBXFrameworksBuildPhase;
			buildActionMask = 2147483647;
			files = (
			);
			runOnlyForDeploymentPostprocessing = 0;
		};
/* End PBXFrameworksBuildPhase section */

/* Begin PBXGroup section */
		39C7EFB6050A12385C08DF08 /* Frameworks */ = {
			isa = PBXGroup;
			children = (
				2A736F4FA387A80147B19A1C /* Pods_IMC.framework */,
			);
			name = Frameworks;
			sourceTree = "<group>";
		};
		3A6CE715074F1C8FFC398616 /* Pods */ = {
			isa = PBXGroup;
			children = (
				608736F8E0F26E66B4D8F348 /* Pods-IMC.debug.xcconfig */,
				BC17ADDEEAA38D9814BAFADF /* Pods-IMC.release.xcconfig */,
			);
			path = Pods;
			sourceTree = "<group>";
		};
		47C9028E2419DE81001645FC = {
			isa = PBXGroup;
			children = (
				47C902992419DE81001645FC /* IMC */,
				47C902B02419DE83001645FC /* IMCTests */,
				47C902BB2419DE83001645FC /* IMCUITests */,
				47C902982419DE81001645FC /* Products */,
				3A6CE715074F1C8FFC398616 /* Pods */,
				39C7EFB6050A12385C08DF08 /* Frameworks */,
			);
			sourceTree = "<group>";
		};
		47C902982419DE81001645FC /* Products */ = {
			isa = PBXGroup;
			children = (
				47C902972419DE81001645FC /* IMC.app */,
				47C902AD2419DE83001645FC /* IMCTests.xctest */,
				47C902B82419DE83001645FC /* IMCUITests.xctest */,
			);
			name = Products;
			sourceTree = "<group>";
		};
		47C902992419DE81001645FC /* IMC */ = {
			isa = PBXGroup;
			children = (
				47C902D6241A02CA001645FC /* Extensions */,
				47C902D3241A016D001645FC /* Services */,
				47C902CA2419FCC9001645FC /* Model */,
				47C902CB2419FCD5001645FC /* View */,
				47C902CC2419FCEB001645FC /* View Model */,
				47C902CF2419FD3C001645FC /* Controller */,
				47C902D02419FD51001645FC /* Supporting Files */,
				47C902A32419DE83001645FC /* Assets.xcassets */,
			);
			path = IMC;
			sourceTree = "<group>";
		};
		47C902B02419DE83001645FC /* IMCTests */ = {
			isa = PBXGroup;
			children = (
				47C902B12419DE83001645FC /* IMCTests.swift */,
				47C902B32419DE83001645FC /* Info.plist */,
			);
			path = IMCTests;
			sourceTree = "<group>";
		};
		47C902BB2419DE83001645FC /* IMCUITests */ = {
			isa = PBXGroup;
			children = (
				47C902BC2419DE83001645FC /* IMCUITests.swift */,
				47C902BE2419DE83001645FC /* Info.plist */,
			);
			path = IMCUITests;
			sourceTree = "<group>";
		};
		47C902CA2419FCC9001645FC /* Model */ = {
			isa = PBXGroup;
			children = (
				47C902D12419FD85001645FC /* Model.swift */,
			);
			path = Model;
			sourceTree = "<group>";
		};
		47C902CB2419FCD5001645FC /* View */ = {
			isa = PBXGroup;
			children = (
				47C902A02419DE81001645FC /* Main.storyboard */,
				47C902A52419DE83001645FC /* LaunchScreen.storyboard */,
			);
			path = View;
			sourceTree = "<group>";
		};
		47C902CC2419FCEB001645FC /* View Model */ = {
			isa = PBXGroup;
			children = (
				47C902CD2419FD32001645FC /* ViewModel.swift */,
			);
			path = "View Model";
			sourceTree = "<group>";
		};
		47C902CF2419FD3C001645FC /* Controller */ = {
			isa = PBXGroup;
			children = (
				47C9029E2419DE81001645FC /* ViewController.swift */,
			);
			path = Controller;
			sourceTree = "<group>";
		};
		47C902D02419FD51001645FC /* Supporting Files */ = {
			isa = PBXGroup;
			children = (
				47C902A82419DE83001645FC /* Info.plist */,
				47C9029A2419DE81001645FC /* AppDelegate.swift */,
				47C9029C2419DE81001645FC /* SceneDelegate.swift */,
			);
			path = "Supporting Files";
			sourceTree = "<group>";
		};
		47C902D3241A016D001645FC /* Services */ = {
			isa = PBXGroup;
			children = (
				47C902D4241A019B001645FC /* GithubAPI.swift */,
			);
			path = Services;
			sourceTree = "<group>";
		};
		47C902D6241A02CA001645FC /* Extensions */ = {
			isa = PBXGroup;
			children = (
				47C902D7241A0312001645FC /* IMCConstants.swift */,
			);
			path = Extensions;
			sourceTree = "<group>";
		};
/* End PBXGroup section */

/* Begin PBXNativeTarget section */
		47C902962419DE81001645FC /* IMC */ = {
			isa = PBXNativeTarget;
			buildConfigurationList = 47C902C12419DE83001645FC /* Build configuration list for PBXNativeTarget "IMC" */;
			buildPhases = (
				2C5147F63D12054DACF6F430 /* [CP] Check Pods Manifest.lock */,
				47C902932419DE81001645FC /* Sources */,
				47C902942419DE81001645FC /* Frameworks */,
				47C902952419DE81001645FC /* Resources */,
				E6EC6A8685B1D4F840321576 /* [CP] Embed Pods Frameworks */,
			);
			buildRules = (
			);
			dependencies = (
			);
			name = IMC;
			productName = IMC;
			productReference = 47C902972419DE81001645FC /* IMC.app */;
			productType = "com.apple.product-type.application";
		};
		47C902AC2419DE83001645FC /* IMCTests */ = {
			isa = PBXNativeTarget;
			buildConfigurationList = 47C902C42419DE83001645FC /* Build configuration list for PBXNativeTarget "IMCTests" */;
			buildPhases = (
				47C902A92419DE83001645FC /* Sources */,
				47C902AA2419DE83001645FC /* Frameworks */,
				47C902AB2419DE83001645FC /* Resources */,
			);
			buildRules = (
			);
			dependencies = (
				47C902AF2419DE83001645FC /* PBXTargetDependency */,
			);
			name = IMCTests;
			productName = IMCTests;
			productReference = 47C902AD2419DE83001645FC /* IMCTests.xctest */;
			productType = "com.apple.product-type.bundle.unit-test";
		};
		47C902B72419DE83001645FC /* IMCUITests */ = {
			isa = PBXNativeTarget;
			buildConfigurationList = 47C902C72419DE83001645FC /* Build configuration list for PBXNativeTarget "IMCUITests" */;
			buildPhases = (
				47C902B42419DE83001645FC /* Sources */,
				47C902B52419DE83001645FC /* Frameworks */,
				47C902B62419DE83001645FC /* Resources */,
			);
			buildRules = (
			);
			dependencies = (
				47C902BA2419DE83001645FC /* PBXTargetDependency */,
			);
			name = IMCUITests;
			productName = IMCUITests;
			productReference = 47C902B82419DE83001645FC /* IMCUITests.xctest */;
			productType = "com.apple.product-type.bundle.ui-testing";
		};
/* End PBXNativeTarget section */

/* Begin PBXProject section */
		47C9028F2419DE81001645FC /* Project object */ = {
			isa = PBXProject;
			attributes = {
				LastSwiftUpdateCheck = 1130;
				LastUpgradeCheck = 1130;
				ORGANIZATIONNAME = "陳駿逸";
				TargetAttributes = {
					47C902962419DE81001645FC = {
						CreatedOnToolsVersion = 11.3.1;
					};
					47C902AC2419DE83001645FC = {
						CreatedOnToolsVersion = 11.3.1;
						TestTargetID = 47C902962419DE81001645FC;
					};
					47C902B72419DE83001645FC = {
						CreatedOnToolsVersion = 11.3.1;
						TestTargetID = 47C902962419DE81001645FC;
					};
				};
			};
			buildConfigurationList = 47C902922419DE81001645FC /* Build configuration list for PBXProject "IMC" */;
			compatibilityVersion = "Xcode 9.3";
			developmentRegion = en;
			hasScannedForEncodings = 0;
			knownRegions = (
				en,
				Base,
			);
			mainGroup = 47C9028E2419DE81001645FC;
			productRefGroup = 47C902982419DE81001645FC /* Products */;
			projectDirPath = "";
			projectRoot = "";
			targets = (
				47C902962419DE81001645FC /* IMC */,
				47C902AC2419DE83001645FC /* IMCTests */,
				47C902B72419DE83001645FC /* IMCUITests */,
			);
		};
/* End PBXProject section */

/* Begin PBXResourcesBuildPhase section */
		47C902952419DE81001645FC /* Resources */ = {
			isa = PBXResourcesBuildPhase;
			buildActionMask = 2147483647;
			files = (
				47C902A72419DE83001645FC /* LaunchScreen.storyboard in Resources */,
				47C902A42419DE83001645FC /* Assets.xcassets in Resources */,
				47C902A22419DE81001645FC /* Main.storyboard in Resources */,
			);
			runOnlyForDeploymentPostprocessing = 0;
		};
		47C902AB2419DE83001645FC /* Resources */ = {
			isa = PBXResourcesBuildPhase;
			buildActionMask = 2147483647;
			files = (
			);
			runOnlyForDeploymentPostprocessing = 0;
		};
		47C902B62419DE83001645FC /* Resources */ = {
			isa = PBXResourcesBuildPhase;
			buildActionMask = 2147483647;
			files = (
			);
			runOnlyForDeploymentPostprocessing = 0;
		};
/* End PBXResourcesBuildPhase section */

/* Begin PBXShellScriptBuildPhase section */
		2C5147F63D12054DACF6F430 /* [CP] Check Pods Manifest.lock */ = {
			isa = PBXShellScriptBuildPhase;
			buildActionMask = 2147483647;
			files = (
			);
			inputFileListPaths = (
			);
			inputPaths = (
				"${PODS_PODFILE_DIR_PATH}/Podfile.lock",
				"${PODS_ROOT}/Manifest.lock",
			);
			name = "[CP] Check Pods Manifest.lock";
			outputFileListPaths = (
			);
			outputPaths = (
				"$(DERIVED_FILE_DIR)/Pods-IMC-checkManifestLockResult.txt",
			);
			runOnlyForDeploymentPostprocessing = 0;
			shellPath = /bin/sh;
			shellScript = "diff \"${PODS_PODFILE_DIR_PATH}/Podfile.lock\" \"${PODS_ROOT}/Manifest.lock\" > /dev/null\nif [ $? != 0 ] ; then\n    # print error to STDERR\n    echo \"error: The sandbox is not in sync with the Podfile.lock. Run 'pod install' or update your CocoaPods installation.\" >&2\n    exit 1\nfi\n# This output is used by Xcode 'outputs' to avoid re-running this script phase.\necho \"SUCCESS\" > \"${SCRIPT_OUTPUT_FILE_0}\"\n";
			showEnvVarsInLog = 0;
		};
		E6EC6A8685B1D4F840321576 /* [CP] Embed Pods Frameworks */ = {
			isa = PBXShellScriptBuildPhase;
			buildActionMask = 2147483647;
			files = (
			);
			inputFileListPaths = (
				"${PODS_ROOT}/Target Support Files/Pods-IMC/Pods-IMC-frameworks-${CONFIGURATION}-input-files.xcfilelist",
			);
			name = "[CP] Embed Pods Frameworks";
			outputFileListPaths = (
				"${PODS_ROOT}/Target Support Files/Pods-IMC/Pods-IMC-frameworks-${CONFIGURATION}-output-files.xcfilelist",
			);
			runOnlyForDeploymentPostprocessing = 0;
			shellPath = /bin/sh;
			shellScript = "\"${PODS_ROOT}/Target Support Files/Pods-IMC/Pods-IMC-frameworks.sh\"\n";
			showEnvVarsInLog = 0;
		};
/* End PBXShellScriptBuildPhase section */

/* Begin PBXSourcesBuildPhase section */
		47C902932419DE81001645FC /* Sources */ = {
			isa = PBXSourcesBuildPhase;
			buildActionMask = 2147483647;
			files = (
				47C902D22419FD85001645FC /* Model.swift in Sources */,
				47C902D5241A019B001645FC /* GithubAPI.swift in Sources */,
				47C902D8241A0312001645FC /* IMCConstants.swift in Sources */,
				47C9029F2419DE81001645FC /* ViewController.swift in Sources */,
				47C9029B2419DE81001645FC /* AppDelegate.swift in Sources */,
				47C902CE2419FD32001645FC /* ViewModel.swift in Sources */,
				47C9029D2419DE81001645FC /* SceneDelegate.swift in Sources */,
			);
			runOnlyForDeploymentPostprocessing = 0;
		};
		47C902A92419DE83001645FC /* Sources */ = {
			isa = PBXSourcesBuildPhase;
			buildActionMask = 2147483647;
			files = (
				47C902B22419DE83001645FC /* IMCTests.swift in Sources */,
			);
			runOnlyForDeploymentPostprocessing = 0;
		};
		47C902B42419DE83001645FC /* Sources */ = {
			isa = PBXSourcesBuildPhase;
			buildActionMask = 2147483647;
			files = (
				47C902BD2419DE83001645FC /* IMCUITests.swift in Sources */,
			);
			runOnlyForDeploymentPostprocessing = 0;
		};
/* End PBXSourcesBuildPhase section */

/* Begin PBXTargetDependency section */
		47C902AF2419DE83001645FC /* PBXTargetDependency */ = {
			isa = PBXTargetDependency;
			target = 47C902962419DE81001645FC /* IMC */;
			targetProxy = 47C902AE2419DE83001645FC /* PBXContainerItemProxy */;
		};
		47C902BA2419DE83001645FC /* PBXTargetDependency */ = {
			isa = PBXTargetDependency;
			target = 47C902962419DE81001645FC /* IMC */;
			targetProxy = 47C902B92419DE83001645FC /* PBXContainerItemProxy */;
		};
/* End PBXTargetDependency section */

/* Begin PBXVariantGroup section */
		47C902A02419DE81001645FC /* Main.storyboard */ = {
			isa = PBXVariantGroup;
			children = (
				47C902A12419DE81001645FC /* Base */,
			);
			name = Main.storyboard;
			sourceTree = "<group>";
		};
		47C902A52419DE83001645FC /* LaunchScreen.storyboard */ = {
			isa = PBXVariantGroup;
			children = (
				47C902A62419DE83001645FC /* Base */,
			);
			name = LaunchScreen.storyboard;
			sourceTree = "<group>";
		};
/* End PBXVariantGroup section */

/* Begin XCBuildConfiguration section */
		47C902BF2419DE83001645FC /* Debug */ = {
			isa = XCBuildConfiguration;
			buildSettings = {
				ALWAYS_SEARCH_USER_PATHS = NO;
				CLANG_ANALYZER_NONNULL = YES;
				CLANG_ANALYZER_NUMBER_OBJECT_CONVERSION = YES_AGGRESSIVE;
				CLANG_CXX_LANGUAGE_STANDARD = "gnu++14";
				CLANG_CXX_LIBRARY = "libc++";
				CLANG_ENABLE_MODULES = YES;
				CLANG_ENABLE_OBJC_ARC = YES;
				CLANG_ENABLE_OBJC_WEAK = YES;
				CLANG_WARN_BLOCK_CAPTURE_AUTORELEASING = YES;
				CLANG_WARN_BOOL_CONVERSION = YES;
				CLANG_WARN_COMMA = YES;
				CLANG_WARN_CONSTANT_CONVERSION = YES;
				CLANG_WARN_DEPRECATED_OBJC_IMPLEMENTATIONS = YES;
				CLANG_WARN_DIRECT_OBJC_ISA_USAGE = YES_ERROR;
				CLANG_WARN_DOCUMENTATION_COMMENTS = YES;
				CLANG_WARN_EMPTY_BODY = YES;
				CLANG_WARN_ENUM_CONVERSION = YES;
				CLANG_WARN_INFINITE_RECURSION = YES;
				CLANG_WARN_INT_CONVERSION = YES;
				CLANG_WARN_NON_LITERAL_NULL_CONVERSION = YES;
				CLANG_WARN_OBJC_IMPLICIT_RETAIN_SELF = YES;
				CLANG_WARN_OBJC_LITERAL_CONVERSION = YES;
				CLANG_WARN_OBJC_ROOT_CLASS = YES_ERROR;
				CLANG_WARN_RANGE_LOOP_ANALYSIS = YES;
				CLANG_WARN_STRICT_PROTOTYPES = YES;
				CLANG_WARN_SUSPICIOUS_MOVE = YES;
				CLANG_WARN_UNGUARDED_AVAILABILITY = YES_AGGRESSIVE;
				CLANG_WARN_UNREACHABLE_CODE = YES;
				CLANG_WARN__DUPLICATE_METHOD_MATCH = YES;
				COPY_PHASE_STRIP = NO;
				DEBUG_INFORMATION_FORMAT = dwarf;
				ENABLE_STRICT_OBJC_MSGSEND = YES;
				ENABLE_TESTABILITY = YES;
				GCC_C_LANGUAGE_STANDARD = gnu11;
				GCC_DYNAMIC_NO_PIC = NO;
				GCC_NO_COMMON_BLOCKS = YES;
				GCC_OPTIMIZATION_LEVEL = 0;
				GCC_PREPROCESSOR_DEFINITIONS = (
					"DEBUG=1",
					"$(inherited)",
				);
				GCC_WARN_64_TO_32_BIT_CONVERSION = YES;
				GCC_WARN_ABOUT_RETURN_TYPE = YES_ERROR;
				GCC_WARN_UNDECLARED_SELECTOR = YES;
				GCC_WARN_UNINITIALIZED_AUTOS = YES_AGGRESSIVE;
				GCC_WARN_UNUSED_FUNCTION = YES;
				GCC_WARN_UNUSED_VARIABLE = YES;
				IPHONEOS_DEPLOYMENT_TARGET = 13.2;
				MTL_ENABLE_DEBUG_INFO = INCLUDE_SOURCE;
				MTL_FAST_MATH = YES;
				ONLY_ACTIVE_ARCH = YES;
				SDKROOT = iphoneos;
				SWIFT_ACTIVE_COMPILATION_CONDITIONS = DEBUG;
				SWIFT_OPTIMIZATION_LEVEL = "-Onone";
			};
			name = Debug;
		};
		47C902C02419DE83001645FC /* Release */ = {
			isa = XCBuildConfiguration;
			buildSettings = {
				ALWAYS_SEARCH_USER_PATHS = NO;
				CLANG_ANALYZER_NONNULL = YES;
				CLANG_ANALYZER_NUMBER_OBJECT_CONVERSION = YES_AGGRESSIVE;
				CLANG_CXX_LANGUAGE_STANDARD = "gnu++14";
				CLANG_CXX_LIBRARY = "libc++";
				CLANG_ENABLE_MODULES = YES;
				CLANG_ENABLE_OBJC_ARC = YES;
				CLANG_ENABLE_OBJC_WEAK = YES;
				CLANG_WARN_BLOCK_CAPTURE_AUTORELEASING = YES;
				CLANG_WARN_BOOL_CONVERSION = YES;
				CLANG_WARN_COMMA = YES;
				CLANG_WARN_CONSTANT_CONVERSION = YES;
				CLANG_WARN_DEPRECATED_OBJC_IMPLEMENTATIONS = YES;
				CLANG_WARN_DIRECT_OBJC_ISA_USAGE = YES_ERROR;
				CLANG_WARN_DOCUMENTATION_COMMENTS = YES;
				CLANG_WARN_EMPTY_BODY = YES;
				CLANG_WARN_ENUM_CONVERSION = YES;
				CLANG_WARN_INFINITE_RECURSION = YES;
				CLANG_WARN_INT_CONVERSION = YES;
				CLANG_WARN_NON_LITERAL_NULL_CONVERSION = YES;
				CLANG_WARN_OBJC_IMPLICIT_RETAIN_SELF = YES;
				CLANG_WARN_OBJC_LITERAL_CONVERSION = YES;
				CLANG_WARN_OBJC_ROOT_CLASS = YES_ERROR;
				CLANG_WARN_RANGE_LOOP_ANALYSIS = YES;
				CLANG_WARN_STRICT_PROTOTYPES = YES;
				CLANG_WARN_SUSPICIOUS_MOVE = YES;
				CLANG_WARN_UNGUARDED_AVAILABILITY = YES_AGGRESSIVE;
				CLANG_WARN_UNREACHABLE_CODE = YES;
				CLANG_WARN__DUPLICATE_METHOD_MATCH = YES;
				COPY_PHASE_STRIP = NO;
				DEBUG_INFORMATION_FORMAT = "dwarf-with-dsym";
				ENABLE_NS_ASSERTIONS = NO;
				ENABLE_STRICT_OBJC_MSGSEND = YES;
				GCC_C_LANGUAGE_STANDARD = gnu11;
				GCC_NO_COMMON_BLOCKS = YES;
				GCC_WARN_64_TO_32_BIT_CONVERSION = YES;
				GCC_WARN_ABOUT_RETURN_TYPE = YES_ERROR;
				GCC_WARN_UNDECLARED_SELECTOR = YES;
				GCC_WARN_UNINITIALIZED_AUTOS = YES_AGGRESSIVE;
				GCC_WARN_UNUSED_FUNCTION = YES;
				GCC_WARN_UNUSED_VARIABLE = YES;
				IPHONEOS_DEPLOYMENT_TARGET = 13.2;
				MTL_ENABLE_DEBUG_INFO = NO;
				MTL_FAST_MATH = YES;
				SDKROOT = iphoneos;
				SWIFT_COMPILATION_MODE = wholemodule;
				SWIFT_OPTIMIZATION_LEVEL = "-O";
				VALIDATE_PRODUCT = YES;
			};
			name = Release;
		};
		47C902C22419DE83001645FC /* Debug */ = {
			isa = XCBuildConfiguration;
			baseConfigurationReference = 608736F8E0F26E66B4D8F348 /* Pods-IMC.debug.xcconfig */;
			buildSettings = {
				ASSETCATALOG_COMPILER_APPICON_NAME = AppIcon;
				CODE_SIGN_STYLE = Automatic;
				DEVELOPMENT_TEAM = 43GRFYB7Q5;
				INFOPLIST_FILE = IMC/Info.plist;
				IPHONEOS_DEPLOYMENT_TARGET = 10.0;
				LD_RUNPATH_SEARCH_PATHS = (
					"$(inherited)",
					"@executable_path/Frameworks",
				);
				PRODUCT_BUNDLE_IDENTIFIER = com.yao.IMC;
				PRODUCT_NAME = "$(TARGET_NAME)";
				SWIFT_VERSION = 5.0;
				TARGETED_DEVICE_FAMILY = "1,2";
			};
			name = Debug;
		};
		47C902C32419DE83001645FC /* Release */ = {
			isa = XCBuildConfiguration;
			baseConfigurationReference = BC17ADDEEAA38D9814BAFADF /* Pods-IMC.release.xcconfig */;
			buildSettings = {
				ASSETCATALOG_COMPILER_APPICON_NAME = AppIcon;
				CODE_SIGN_STYLE = Automatic;
				DEVELOPMENT_TEAM = 43GRFYB7Q5;
				INFOPLIST_FILE = IMC/Info.plist;
				IPHONEOS_DEPLOYMENT_TARGET = 10.0;
				LD_RUNPATH_SEARCH_PATHS = (
					"$(inherited)",
					"@executable_path/Frameworks",
				);
				PRODUCT_BUNDLE_IDENTIFIER = com.yao.IMC;
				PRODUCT_NAME = "$(TARGET_NAME)";
				SWIFT_VERSION = 5.0;
				TARGETED_DEVICE_FAMILY = "1,2";
			};
			name = Release;
		};
		47C902C52419DE83001645FC /* Debug */ = {
			isa = XCBuildConfiguration;
			buildSettings = {
				ALWAYS_EMBED_SWIFT_STANDARD_LIBRARIES = YES;
				BUNDLE_LOADER = "$(TEST_HOST)";
				CODE_SIGN_STYLE = Automatic;
				DEVELOPMENT_TEAM = 43GRFYB7Q5;
				INFOPLIST_FILE = IMCTests/Info.plist;
				IPHONEOS_DEPLOYMENT_TARGET = 13.2;
				LD_RUNPATH_SEARCH_PATHS = (
					"$(inherited)",
					"@executable_path/Frameworks",
					"@loader_path/Frameworks",
				);
				PRODUCT_BUNDLE_IDENTIFIER = com.yao.IMCTests;
				PRODUCT_NAME = "$(TARGET_NAME)";
				SWIFT_VERSION = 5.0;
				TARGETED_DEVICE_FAMILY = "1,2";
				TEST_HOST = "$(BUILT_PRODUCTS_DIR)/IMC.app/IMC";
			};
			name = Debug;
		};
		47C902C62419DE83001645FC /* Release */ = {
			isa = XCBuildConfiguration;
			buildSettings = {
				ALWAYS_EMBED_SWIFT_STANDARD_LIBRARIES = YES;
				BUNDLE_LOADER = "$(TEST_HOST)";
				CODE_SIGN_STYLE = Automatic;
				DEVELOPMENT_TEAM = 43GRFYB7Q5;
				INFOPLIST_FILE = IMCTests/Info.plist;
				IPHONEOS_DEPLOYMENT_TARGET = 13.2;
				LD_RUNPATH_SEARCH_PATHS = (
					"$(inherited)",
					"@executable_path/Frameworks",
					"@loader_path/Frameworks",
				);
				PRODUCT_BUNDLE_IDENTIFIER = com.yao.IMCTests;
				PRODUCT_NAME = "$(TARGET_NAME)";
				SWIFT_VERSION = 5.0;
				TARGETED_DEVICE_FAMILY = "1,2";
				TEST_HOST = "$(BUILT_PRODUCTS_DIR)/IMC.app/IMC";
			};
			name = Release;
		};
		47C902C82419DE83001645FC /* Debug */ = {
			isa = XCBuildConfiguration;
			buildSettings = {
				ALWAYS_EMBED_SWIFT_STANDARD_LIBRARIES = YES;
				CODE_SIGN_STYLE = Automatic;
				DEVELOPMENT_TEAM = 43GRFYB7Q5;
				INFOPLIST_FILE = IMCUITests/Info.plist;
				LD_RUNPATH_SEARCH_PATHS = (
					"$(inherited)",
					"@executable_path/Frameworks",
					"@loader_path/Frameworks",
				);
				PRODUCT_BUNDLE_IDENTIFIER = com.yao.IMCUITests;
				PRODUCT_NAME = "$(TARGET_NAME)";
				SWIFT_VERSION = 5.0;
				TARGETED_DEVICE_FAMILY = "1,2";
				TEST_TARGET_NAME = IMC;
			};
			name = Debug;
		};
		47C902C92419DE83001645FC /* Release */ = {
			isa = XCBuildConfiguration;
			buildSettings = {
				ALWAYS_EMBED_SWIFT_STANDARD_LIBRARIES = YES;
				CODE_SIGN_STYLE = Automatic;
				DEVELOPMENT_TEAM = 43GRFYB7Q5;
				INFOPLIST_FILE = IMCUITests/Info.plist;
				LD_RUNPATH_SEARCH_PATHS = (
					"$(inherited)",
					"@executable_path/Frameworks",
					"@loader_path/Frameworks",
				);
				PRODUCT_BUNDLE_IDENTIFIER = com.yao.IMCUITests;
				PRODUCT_NAME = "$(TARGET_NAME)";
				SWIFT_VERSION = 5.0;
				TARGETED_DEVICE_FAMILY = "1,2";
				TEST_TARGET_NAME = IMC;
			};
			name = Release;
		};
/* End XCBuildConfiguration section */

/* Begin XCConfigurationList section */
		47C902922419DE81001645FC /* Build configuration list for PBXProject "IMC" */ = {
			isa = XCConfigurationList;
			buildConfigurations = (
				47C902BF2419DE83001645FC /* Debug */,
				47C902C02419DE83001645FC /* Release */,
			);
			defaultConfigurationIsVisible = 0;
			defaultConfigurationName = Release;
		};
		47C902C12419DE83001645FC /* Build configuration list for PBXNativeTarget "IMC" */ = {
			isa = XCConfigurationList;
			buildConfigurations = (
				47C902C22419DE83001645FC /* Debug */,
				47C902C32419DE83001645FC /* Release */,
			);
			defaultConfigurationIsVisible = 0;
			defaultConfigurationName = Release;
		};
		47C902C42419DE83001645FC /* Build configuration list for PBXNativeTarget "IMCTests" */ = {
			isa = XCConfigurationList;
			buildConfigurations = (
				47C902C52419DE83001645FC /* Debug */,
				47C902C62419DE83001645FC /* Release */,
			);
			defaultConfigurationIsVisible = 0;
			defaultConfigurationName = Release;
		};
		47C902C72419DE83001645FC /* Build configuration list for PBXNativeTarget "IMCUITests" */ = {
			isa = XCConfigurationList;
			buildConfigurations = (
				47C902C82419DE83001645FC /* Debug */,
				47C902C92419DE83001645FC /* Release */,
			);
			defaultConfigurationIsVisible = 0;
			defaultConfigurationName = Release;
		};
/* End XCConfigurationList section */
	};
	rootObject = 47C9028F2419DE81001645FC /* Project object */;
}
